
Microsoft Visual Studio Solution File, Format Version 12.00
# Visual Studio Version 17
VisualStudioVersion = 17.3.32825.248
MinimumVisualStudioVersion = 10.0.40219.1
Project("{FAE04EC0-301F-11D3-BF4B-00C04F79EFBC}") = "WinFormsEx", "WinFormsEx.csproj", "{55AA55FB-D0B7-4C31-BF15-C3028BD104D0}"
EndProject
Global
	GlobalSection(SolutionConfigurationPlatforms) = preSolution
		Debug|Any CPU = Debug|Any CPU
		Release|Any CPU = Release|Any CPU
	EndGlobalSection
	GlobalSection(ProjectConfigurationPlatforms) = postSolution
		{55AA55FB-D0B7-4C31-BF15-C3028BD104D0}.Debug|Any CPU.ActiveCfg = Debug|Any CPU
		{55AA55FB-D0B7-4C31-BF15-C3028BD104D0}.Debug|Any CPU.Build.0 = Debug|Any CPU
		{55AA55FB-D0B7-4C31-BF15-C3028BD104D0}.Release|Any CPU.ActiveCfg = Release|Any CPU
		{55AA55FB-D0B7-4C31-BF15-C3028BD104D0}.Release|Any CPU.Build.0 = Release|Any CPU
	EndGlobalSection
	GlobalSection(SolutionProperties) = preSolution
		HideSolutionNode = FALSE
	EndGlobalSection
	GlobalSection(ExtensibilityGlobals) = postSolution
		SolutionGuid = {674F5044-09FE-46DE-8971-203B416E3021}
	EndGlobalSection
EndGlobal
